{
  "name": "promptus",
  "lockfileVersion": 3,
  "requires": true,
  "packages": {
    "": {
      "name": "promptus",
      "workspaces": [
        "promptusCommon"
      ]
    },
    "common": {
      "extraneous": true,
      "dependencies": {
        "uuid": "^9.0.1"
      },
      "devDependencies": {
        "@types/uuid": "^9.0.1"
      }
    },
    "node_modules/@types/uuid": {
      "version": "9.0.7",
      "resolved": "https://registry.npmjs.org/@types/uuid/-/uuid-9.0.7.tgz",
      "integrity": "sha512-WUtIVRUZ9i5dYXefDEAI7sh9/O7jGvHg7Df/5O/gtH3Yabe5odI3UWopVR1qbPXQtvOxWu3mM4XxlYeZtMWF4g==",
      "dev": true
    },
    "node_modules/promptusCommon": {
      "resolved": "promptusCommon",
      "link": true
    },
    "node_modules/uuid": {
      "version": "9.0.1",
      "resolved": "https://registry.npmjs.org/uuid/-/uuid-9.0.1.tgz",
      "integrity": "sha512-b+1eJOlsR9K8HJpow9Ok3fiWOWSIcIzXodvv0rQjVoOVNpWMpxf1wZNpt4y9h10odCNrqnYp1OBzRktckBe3sA==",
      "funding": [
        "https://github.com/sponsors/broofa",
        "https://github.com/sponsors/ctavan"
      ],
      "bin": {
        "uuid": "dist/bin/uuid"
      }
    },
    "promptusCommon": {
      "dependencies": {
        "uuid": "^9.0.1"
      },
      "devDependencies": {
        "@types/uuid": "^9.0.1"
      }
    }
  }
}
